
Microsoft Visual Studio Solution File, Format Version 12.00
# Visual Studio Version 17
VisualStudioVersion = 17.6.33829.357
MinimumVisualStudioVersion = 10.0.40219.1
Project("{FAE04EC0-301F-11D3-BF4B-00C04F79EFBC}") = "oop_vazifa 2", "oop_vazifa 2.csproj", "{A0B3E610-092D-42BB-8112-EC3E75B5EA5C}"
EndProject
Global
	GlobalSection(SolutionConfigurationPlatforms) = preSolution
		Debug|Any CPU = Debug|Any CPU
		Release|Any CPU = Release|Any CPU
	EndGlobalSection
	GlobalSection(ProjectConfigurationPlatforms) = postSolution
		{A0B3E610-092D-42BB-8112-EC3E75B5EA5C}.Debug|Any CPU.ActiveCfg = Debug|Any CPU
		{A0B3E610-092D-42BB-8112-EC3E75B5EA5C}.Debug|Any CPU.Build.0 = Debug|Any CPU
		{A0B3E610-092D-42BB-8112-EC3E75B5EA5C}.Release|Any CPU.ActiveCfg = Release|Any CPU
		{A0B3E610-092D-42BB-8112-EC3E75B5EA5C}.Release|Any CPU.Build.0 = Release|Any CPU
	EndGlobalSection
	GlobalSection(SolutionProperties) = preSolution
		HideSolutionNode = FALSE
	EndGlobalSection
	GlobalSection(ExtensibilityGlobals) = postSolution
		SolutionGuid = {9292101F-3DDA-4B35-8093-851A9F0B9CAF}
	EndGlobalSection
EndGlobal
